
Microsoft Visual Studio Solution File, Format Version 12.00
# Visual Studio Version 17
VisualStudioVersion = 17.14.36908.2
MinimumVisualStudioVersion = 10.0.40219.1
Project("{FAE04EC0-301F-11D3-BF4B-00C04F79EFBC}") = "AfishaVoenmeh.EventService.WebAPI", "AfishaVoenmeh.EventService.WebAPI\AfishaVoenmeh.EventService.WebAPI.csproj", "{F2992C54-82EB-402F-BE9E-C7B04D673D5B}"
EndProject
Project("{FAE04EC0-301F-11D3-BF4B-00C04F79EFBC}") = "AfishaVoenmeh.EventService.Domain", "AfishaVoenmeh.EventService.Domain\AfishaVoenmeh.EventService.Domain.csproj", "{B6B44F63-A171-4402-B5FE-A1F594F17DBB}"
EndProject
Project("{FAE04EC0-301F-11D3-BF4B-00C04F79EFBC}") = "AfishaVoenmeh.EventService.Application", "AfishaVoenmeh.EventService.Application\AfishaVoenmeh.EventService.Application.csproj", "{52674AE6-2992-4834-A81D-4F780FF9C33C}"
EndProject
Project("{FAE04EC0-301F-11D3-BF4B-00C04F79EFBC}") = "AfishaVoenmeh.EventService.Contracts", "AfishaVoenmeh.EventService.Contracts\AfishaVoenmeh.EventService.Contracts.csproj", "{A8EE663F-5173-470A-8302-F37B045C784E}"
EndProject
Project("{FAE04EC0-301F-11D3-BF4B-00C04F79EFBC}") = "AfishaVoenmeh.EventService.Infrastructure", "AfishaVoenmeh.EventService.Infrastructure\AfishaVoenmeh.EventService.Infrastructure.csproj", "{5D0A31A0-867B-4BB9-8F0D-CFD04A43D5E4}"
EndProject
Project("{2150E333-8FDC-42A3-9474-1A3956D46DE8}") = "Tests", "Tests", "{36D591C7-65C7-A0D1-1CBC-10CDE441BDC8}"
EndProject
Project("{FAE04EC0-301F-11D3-BF4B-00C04F79EFBC}") = "AfishaVoenmeh.EventService.Domain.Tests", "Tests\AfishaVoenmeh.EventService.Domain.Tests\AfishaVoenmeh.EventService.Domain.Tests.csproj", "{97EA8D2E-BEA2-492B-A470-50B3430F8C8B}"
EndProject
Project("{2150E333-8FDC-42A3-9474-1A3956D46DE8}") = "Элементы решения", "Элементы решения", "{754FC069-D67B-A9D7-50A1-8D1CA196D8F1}"
	ProjectSection(SolutionItems) = preProject
		.env = .env
		docker-compose.yml = docker-compose.yml
	EndProjectSection
EndProject
Project("{FAE04EC0-301F-11D3-BF4B-00C04F79EFBC}") = "AfishaVoenmeh.EventService.Grpc", "AfishaVoenmeh.EventService.Grpc\AfishaVoenmeh.EventService.Grpc.csproj", "{E454D2ED-DA91-4729-9189-76DB33869BED}"
EndProject
Project("{FAE04EC0-301F-11D3-BF4B-00C04F79EFBC}") = "AfishaVoenmeh.Shared.Contracts", "..\AfishaVoenmeh.Shared\AfishaVoenmeh.Shared.Contracts\AfishaVoenmeh.Shared.Contracts.csproj", "{5D2D2BF5-4691-BED4-7ADB-A136C0233535}"
EndProject
Global
	GlobalSection(SolutionConfigurationPlatforms) = preSolution
		Debug|Any CPU = Debug|Any CPU
		Release|Any CPU = Release|Any CPU
	EndGlobalSection
	GlobalSection(ProjectConfigurationPlatforms) = postSolution
		{F2992C54-82EB-402F-BE9E-C7B04D673D5B}.Debug|Any CPU.ActiveCfg = Debug|Any CPU
		{F2992C54-82EB-402F-BE9E-C7B04D673D5B}.Debug|Any CPU.Build.0 = Debug|Any CPU
		{F2992C54-82EB-402F-BE9E-C7B04D673D5B}.Release|Any CPU.ActiveCfg = Release|Any CPU
		{F2992C54-82EB-402F-BE9E-C7B04D673D5B}.Release|Any CPU.Build.0 = Release|Any CPU
		{B6B44F63-A171-4402-B5FE-A1F594F17DBB}.Debug|Any CPU.ActiveCfg = Debug|Any CPU
		{B6B44F63-A171-4402-B5FE-A1F594F17DBB}.Debug|Any CPU.Build.0 = Debug|Any CPU
		{B6B44F63-A171-4402-B5FE-A1F594F17DBB}.Release|Any CPU.ActiveCfg = Release|Any CPU
		{B6B44F63-A171-4402-B5FE-A1F594F17DBB}.Release|Any CPU.Build.0 = Release|Any CPU
		{52674AE6-2992-4834-A81D-4F780FF9C33C}.Debug|Any CPU.ActiveCfg = Debug|Any CPU
		{52674AE6-2992-4834-A81D-4F780FF9C33C}.Debug|Any CPU.Build.0 = Debug|Any CPU
		{52674AE6-2992-4834-A81D-4F780FF9C33C}.Release|Any CPU.ActiveCfg = Release|Any CPU
		{52674AE6-2992-4834-A81D-4F780FF9C33C}.Release|Any CPU.Build.0 = Release|Any CPU
		{A8EE663F-5173-470A-8302-F37B045C784E}.Debug|Any CPU.ActiveCfg = Debug|Any CPU
		{A8EE663F-5173-470A-8302-F37B045C784E}.Debug|Any CPU.Build.0 = Debug|Any CPU
		{A8EE663F-5173-470A-8302-F37B045C784E}.Release|Any CPU.ActiveCfg = Release|Any CPU
		{A8EE663F-5173-470A-8302-F37B045C784E}.Release|Any CPU.Build.0 = Release|Any CPU
		{5D0A31A0-867B-4BB9-8F0D-CFD04A43D5E4}.Debug|Any CPU.ActiveCfg = Debug|Any CPU
		{5D0A31A0-867B-4BB9-8F0D-CFD04A43D5E4}.Debug|Any CPU.Build.0 = Debug|Any CPU
		{5D0A31A0-867B-4BB9-8F0D-CFD04A43D5E4}.Release|Any CPU.ActiveCfg = Release|Any CPU
		{5D0A31A0-867B-4BB9-8F0D-CFD04A43D5E4}.Release|Any CPU.Build.0 = Release|Any CPU
		{97EA8D2E-BEA2-492B-A470-50B3430F8C8B}.Debug|Any CPU.ActiveCfg = Debug|Any CPU
		{97EA8D2E-BEA2-492B-A470-50B3430F8C8B}.Debug|Any CPU.Build.0 = Debug|Any CPU
		{97EA8D2E-BEA2-492B-A470-50B3430F8C8B}.Release|Any CPU.ActiveCfg = Release|Any CPU
		{97EA8D2E-BEA2-492B-A470-50B3430F8C8B}.Release|Any CPU.Build.0 = Release|Any CPU
		{E454D2ED-DA91-4729-9189-76DB33869BED}.Debug|Any CPU.ActiveCfg = Debug|Any CPU
		{E454D2ED-DA91-4729-9189-76DB33869BED}.Debug|Any CPU.Build.0 = Debug|Any CPU
		{E454D2ED-DA91-4729-9189-76DB33869BED}.Release|Any CPU.ActiveCfg = Release|Any CPU
		{E454D2ED-DA91-4729-9189-76DB33869BED}.Release|Any CPU.Build.0 = Release|Any CPU
		{5D2D2BF5-4691-BED4-7ADB-A136C0233535}.Debug|Any CPU.ActiveCfg = Debug|Any CPU
		{5D2D2BF5-4691-BED4-7ADB-A136C0233535}.Debug|Any CPU.Build.0 = Debug|Any CPU
		{5D2D2BF5-4691-BED4-7ADB-A136C0233535}.Release|Any CPU.ActiveCfg = Release|Any CPU
		{5D2D2BF5-4691-BED4-7ADB-A136C0233535}.Release|Any CPU.Build.0 = Release|Any CPU
	EndGlobalSection
	GlobalSection(SolutionProperties) = preSolution
		HideSolutionNode = FALSE
	EndGlobalSection
	GlobalSection(NestedProjects) = preSolution
		{97EA8D2E-BEA2-492B-A470-50B3430F8C8B} = {36D591C7-65C7-A0D1-1CBC-10CDE441BDC8}
	EndGlobalSection
	GlobalSection(ExtensibilityGlobals) = postSolution
		SolutionGuid = {FAB05223-5958-4BAC-8FC3-99DB828DA9BF}
	EndGlobalSection
EndGlobal
